{
  "name": "next-js",
  "version": "0.1.0",
  "lockfileVersion": 1,
  "requires": true,
  "dependencies": {
    "@babel/runtime": {
      "version": "7.9.6",
      "resolved": "https://registry.npmjs.org/@babel/runtime/-/runtime-7.9.6.tgz",
      "integrity": "sha512-64AF1xY3OAkFHqOb9s4jpgk1Mm5vDZ4L3acHvAml+53nO1XbXLuDodsVpO4OIUsmemlUHMxNdYMNJmsvOwLrvQ==",
      "requires": {
        "regenerator-runtime": "^0.13.4"
      }
    },
    "@next/env": {
      "version": "13.0.2",
      "resolved": "https://registry.npmjs.org/@next/env/-/env-13.0.2.tgz",
      "integrity": "sha512-Qb6WPuRriGIQ19qd6NBxpcrFOfj8ziN7l9eZUfwff5gl4zLXluqtuZPddYZM/oWjN53ZYcuRXzL+oowKyJeYtA=="
    },
    "@next/swc-android-arm-eabi": {
      "version": "13.0.2",
      "resolved": "https://registry.npmjs.org/@next/swc-android-arm-eabi/-/swc-android-arm-eabi-13.0.2.tgz",
      "integrity": "sha512-X54UQCTFyOGnJP//Z71dPPlp4BCYcQL2ncikKXQcPzVpqPs4C3m+tKC8ivBNH6edAXkppwsLRz1/yQwgSZ9Swg==",
      "optional": true
    },
    "@next/swc-android-arm64": {
      "version": "13.0.2",
      "resolved": "https://registry.npmjs.org/@next/swc-android-arm64/-/swc-android-arm64-13.0.2.tgz",
      "integrity": "sha512-1P00Kv8uKaLubqo7JzPrTqgFAzSOmfb8iwqJrOb9in5IvTRtNGlkR4hU0sXzqbQNM/+SaYxze6Z5ry1IDyb/cQ==",
      "optional": true
    },
    "@next/swc-darwin-arm64": {
      "version": "13.0.2",
      "resolved": "https://registry.npmjs.org/@next/swc-darwin-arm64/-/swc-darwin-arm64-13.0.2.tgz",
      "integrity": "sha512-1zGIOkInkOLRv0QQGZ+3wffYsyKI4vIy62LYTvDWUn7TAYqnmXwougp9NSLqDeagLwgsv2URrykyAFixA/YqxA==",
      "optional": true
    },
    "@next/swc-darwin-x64": {
      "version": "13.0.2",
      "resolved": "https://registry.npmjs.org/@next/swc-darwin-x64/-/swc-darwin-x64-13.0.2.tgz",
      "integrity": "sha512-ECDAjoMP1Y90cARaelS6X+k6BQx+MikAYJ8f/eaJrLur44NIOYc9HA/dgcTp5jenguY4yT8V+HCquLjAVle6fA==",
      "optional": true
    },
    "@next/swc-freebsd-x64": {
      "version": "13.0.2",
      "resolved": "https://registry.npmjs.org/@next/swc-freebsd-x64/-/swc-freebsd-x64-13.0.2.tgz",
      "integrity": "sha512-2DcL/ofQdBnQX3IoI9sjlIAyLCD1oZoUBuhrhWbejvBQjutWrI0JTEv9uG69WcxWhVMm3BCsjv8GK2/68OKp7A==",
      "optional": true
    },
    "@next/swc-linux-arm-gnueabihf": {
      "version": "13.0.2",
      "resolved": "https://registry.npmjs.org/@next/swc-linux-arm-gnueabihf/-/swc-linux-arm-gnueabihf-13.0.2.tgz",
      "integrity": "sha512-Y3OQF1CSBSWW2vGkmvOIuOUNqOq8qX7f1ZpcKUVWP3/Uq++DZmVi9d18lgnSe1I3QFqc+nXWyun9ljsN83j0sw==",
      "optional": true
    },
    "@next/swc-linux-arm64-gnu": {
      "version": "13.0.2",
      "resolved": "https://registry.npmjs.org/@next/swc-linux-arm64-gnu/-/swc-linux-arm64-gnu-13.0.2.tgz",
      "integrity": "sha512-mNyzwsFF6kwZYEjnGicx9ksDZYEZvyzEc1BtCu8vdZi/v8UeixQwCiAT6FyYX9uxMPEkzk8qiU0t0u9gvltsKw==",
      "optional": true
    },
    "@next/swc-linux-arm64-musl": {
      "version": "13.0.2",
      "resolved": "https://registry.npmjs.org/@next/swc-linux-arm64-musl/-/swc-linux-arm64-musl-13.0.2.tgz",
      "integrity": "sha512-M6SdYjWgRrY3tJBxz0663zCRPTu5BRONmxlftKWWHv9LjAJ59neTLaGj4rp0A08DkJglZIoCkLOzLrzST6TGag==",
      "optional": true
    },
    "@next/swc-linux-x64-gnu": {
      "version": "13.0.2",
      "resolved": "https://registry.npmjs.org/@next/swc-linux-x64-gnu/-/swc-linux-x64-gnu-13.0.2.tgz",
      "integrity": "sha512-pi63RoxvG4ES1KS06Zpm0MATVIXTs/TIbLbdckeLoM40u1d3mQl/+hSSrLRSxzc2OtyL8fh92sM4gkJrQXAMAw==",
      "optional": true
    },
    "@next/swc-linux-x64-musl": {
      "version": "13.0.2",
      "resolved": "https://registry.npmjs.org/@next/swc-linux-x64-musl/-/swc-linux-x64-musl-13.0.2.tgz",
      "integrity": "sha512-9Pv91gfYnDONgjtRm78n64b/c54+azeHtlnqBLTnIFWSMBDRl1/WDkhKWIj3fBGPLimtK7Tko3ULR3og9RRUPw==",
      "optional": true
    },
    "@next/swc-win32-arm64-msvc": {
      "version": "13.0.2",
      "resolved": "https://registry.npmjs.org/@next/swc-win32-arm64-msvc/-/swc-win32-arm64-msvc-13.0.2.tgz",
      "integrity": "sha512-Nvewe6YZaizAkGHHprbMkYqQulBjZCHKBGKeFPwoPtOA+a2Qi4pZzc/qXFyC5/2A6Z0mr2U1zg9rd04WBYMwBw==",
      "optional": true
    },
    "@next/swc-win32-ia32-msvc": {
      "version": "13.0.2",
      "resolved": "https://registry.npmjs.org/@next/swc-win32-ia32-msvc/-/swc-win32-ia32-msvc-13.0.2.tgz",
      "integrity": "sha512-ZUBYGZw5G3QrqDpRq1EWi3aHmvPZM8ijK5TFL6UbH16cYQ0JpANmuG2P66KB93Qe/lWWzbeAZk/tj1XqwoCuPA==",
      "optional": true
    },
    "@next/swc-win32-x64-msvc": {
      "version": "13.0.2",
      "resolved": "https://registry.npmjs.org/@next/swc-win32-x64-msvc/-/swc-win32-x64-msvc-13.0.2.tgz",
      "integrity": "sha512-fA9uW1dm7C0mEYGcKlbmLcVm2sKcye+1kPxh2cM4jVR+kQQMtHWsjIzeSpe2grQLSDan06z4n6hbr8b1c3hA8w==",
      "optional": true
    },
    "@swc/helpers": {
      "version": "0.4.11",
      "resolved": "https://registry.npmjs.org/@swc/helpers/-/helpers-0.4.11.tgz",
      "integrity": "sha512-rEUrBSGIoSFuYxwBYtlUFMlE2CwGhmW+w9355/5oduSw8e5h2+Tj4UrAGNNgP9915++wj5vkQo0UuOBqOAq4nw==",
      "requires": {
        "tslib": "^2.4.0"
      }
    },
    "abbrev": {
      "version": "1.1.1",
      "resolved": "https://registry.npmjs.org/abbrev/-/abbrev-1.1.1.tgz",
      "integrity": "sha512-nne9/IiQ/hzIhY6pdDnbBtz7DjPTKrY00P/zvPSm5pOFkl6xuGrGnXn/VtTNNfNtAfZ9/1RtehkszU9qcTii0Q=="
    },
    "balanced-match": {
      "version": "1.0.0",
      "resolved": "https://registry.npmjs.org/balanced-match/-/balanced-match-1.0.0.tgz",
      "integrity": "sha1-ibTRmasr7kneFk6gK4nORi1xt2c="
    },
    "brace-expansion": {
      "version": "1.1.11",
      "resolved": "https://registry.npmjs.org/brace-expansion/-/brace-expansion-1.1.11.tgz",
      "integrity": "sha512-iCuPHDFgrHX7H2vEI/5xpz07zSHB00TpugqhmYtVmMO6518mCuRMoOYFldEBl0g187ufozdaHgWKcYFb61qGiA==",
      "requires": {
        "balanced-match": "^1.0.0",
        "concat-map": "0.0.1"
      }
    },
    "caniuse-lite": {
      "version": "1.0.30001431",
      "resolved": "https://registry.npmjs.org/caniuse-lite/-/caniuse-lite-1.0.30001431.tgz",
      "integrity": "sha512-zBUoFU0ZcxpvSt9IU66dXVT/3ctO1cy4y9cscs1szkPlcWb6pasYM144GqrUygUbT+k7cmUCW61cvskjcv0enQ=="
    },
    "client-only": {
      "version": "0.0.1",
      "resolved": "https://registry.npmjs.org/client-only/-/client-only-0.0.1.tgz",
      "integrity": "sha512-IV3Ou0jSMzZrd3pZ48nLkT9DA7Ag1pnPzaiQhpW7c3RbcqqzvzzVu+L8gfqMp/8IM2MQtSiqaCxrrcfu8I8rMA=="
    },
    "commander": {
      "version": "2.20.3",
      "resolved": "https://registry.npmjs.org/commander/-/commander-2.20.3.tgz",
      "integrity": "sha512-GpVkmM8vF2vQUkj2LvZmD35JxeJOLCwJ9cUkugyk2nuhbv3+mJvpLYYt+0+USMxE+oj+ey/lJEnhZw75x/OMcQ=="
    },
    "concat-map": {
      "version": "0.0.1",
      "resolved": "https://registry.npmjs.org/concat-map/-/concat-map-0.0.1.tgz",
      "integrity": "sha1-2Klr13/Wjfd5OnMDajug1UBdR3s="
    },
    "config-chain": {
      "version": "1.1.12",
      "resolved": "https://registry.npmjs.org/config-chain/-/config-chain-1.1.12.tgz",
      "integrity": "sha512-a1eOIcu8+7lUInge4Rpf/n4Krkf3Dd9lqhljRzII1/Zno/kRtUWnznPO3jOKBmTEktkt3fkxisUcivoj0ebzoA==",
      "requires": {
        "ini": "^1.3.4",
        "proto-list": "~1.2.1"
      }
    },
    "editorconfig": {
      "version": "0.15.3",
      "resolved": "https://registry.npmjs.org/editorconfig/-/editorconfig-0.15.3.tgz",
      "integrity": "sha512-M9wIMFx96vq0R4F+gRpY3o2exzb8hEj/n9S8unZtHSvYjibBp/iMufSzvmOcV/laG0ZtuTVGtiJggPOSW2r93g==",
      "requires": {
        "commander": "^2.19.0",
        "lru-cache": "^4.1.5",
        "semver": "^5.6.0",
        "sigmund": "^1.0.1"
      },
      "dependencies": {
        "lru-cache": {
          "version": "4.1.5",
          "resolved": "https://registry.npmjs.org/lru-cache/-/lru-cache-4.1.5.tgz",
          "integrity": "sha512-sWZlbEP2OsHNkXrMl5GYk/jKk70MBng6UU4YI/qGDYbgf6YbP4EvmqISbXCoJiRKs+1bSpFHVgQxvJ17F2li5g==",
          "requires": {
            "pseudomap": "^1.0.2",
            "yallist": "^2.1.2"
          }
        },
        "yallist": {
          "version": "2.1.2",
          "resolved": "https://registry.npmjs.org/yallist/-/yallist-2.1.2.tgz",
          "integrity": "sha1-HBH5IY8HYImkfdUS+TxmmaaoHVI="
        }
      }
    },
    "fs": {
      "version": "0.0.1-security",
      "resolved": "https://registry.npmjs.org/fs/-/fs-0.0.1-security.tgz",
      "integrity": "sha1-invTcYa23d84E/I4WLV+yq9eQdQ="
    },
    "fs.realpath": {
      "version": "1.0.0",
      "resolved": "https://registry.npmjs.org/fs.realpath/-/fs.realpath-1.0.0.tgz",
      "integrity": "sha1-FQStJSMVjKpA20onh8sBQRmU6k8="
    },
    "glob": {
      "version": "7.1.6",
      "resolved": "https://registry.npmjs.org/glob/-/glob-7.1.6.tgz",
      "integrity": "sha512-LwaxwyZ72Lk7vZINtNNrywX0ZuLyStrdDtabefZKAY5ZGJhVtgdznluResxNmPitE0SAO+O26sWTHeKSI2wMBA==",
      "requires": {
        "fs.realpath": "^1.0.0",
        "inflight": "^1.0.4",
        "inherits": "2",
        "minimatch": "^3.0.4",
        "once": "^1.3.0",
        "path-is-absolute": "^1.0.0"
      }
    },
    "history": {
      "version": "4.10.1",
      "resolved": "https://registry.npmjs.org/history/-/history-4.10.1.tgz",
      "integrity": "sha512-36nwAD620w12kuzPAsyINPWJqlNbij+hpK1k9XRloDtym8mxzGYl2c17LnV6IAGB2Dmg4tEa7G7DlawS0+qjew==",
      "requires": {
        "@babel/runtime": "^7.1.2",
        "loose-envify": "^1.2.0",
        "resolve-pathname": "^3.0.0",
        "tiny-invariant": "^1.0.2",
        "tiny-warning": "^1.0.0",
        "value-equal": "^1.0.1"
      }
    },
    "hoist-non-react-statics": {
      "version": "3.3.2",
      "resolved": "https://registry.npmjs.org/hoist-non-react-statics/-/hoist-non-react-statics-3.3.2.tgz",
      "integrity": "sha512-/gGivxi8JPKWNm/W0jSmzcMPpfpPLc3dY/6GxhX2hQ9iGj3aDfklV4ET7NjKpSinLpJ5vafa9iiGIEZg10SfBw==",
      "requires": {
        "react-is": "^16.7.0"
      }
    },
    "inflight": {
      "version": "1.0.6",
      "resolved": "https://registry.npmjs.org/inflight/-/inflight-1.0.6.tgz",
      "integrity": "sha1-Sb1jMdfQLQwJvJEKEHW6gWW1bfk=",
      "requires": {
        "once": "^1.3.0",
        "wrappy": "1"
      }
    },
    "inherits": {
      "version": "2.0.4",
      "resolved": "https://registry.npmjs.org/inherits/-/inherits-2.0.4.tgz",
      "integrity": "sha512-k/vGaX4/Yla3WzyMCvTQOXYeIHvqOKtnqBduzTHpzpQZzAskKMhZ2K+EnBiSM9zGSoIFeMpXKxa4dYeZIQqewQ=="
    },
    "ini": {
      "version": "1.3.5",
      "resolved": "https://registry.npmjs.org/ini/-/ini-1.3.5.tgz",
      "integrity": "sha512-RZY5huIKCMRWDUqZlEi72f/lmXKMvuszcMBduliQ3nnWbx9X/ZBQO7DijMEYS9EhHBb2qacRUMtC7svLwe0lcw=="
    },
    "js-beautify": {
      "version": "1.11.0",
      "resolved": "https://registry.npmjs.org/js-beautify/-/js-beautify-1.11.0.tgz",
      "integrity": "sha512-a26B+Cx7USQGSWnz9YxgJNMmML/QG2nqIaL7VVYPCXbqiKz8PN0waSNvroMtvAK6tY7g/wPdNWGEP+JTNIBr6A==",
      "requires": {
        "config-chain": "^1.1.12",
        "editorconfig": "^0.15.3",
        "glob": "^7.1.3",
        "mkdirp": "~1.0.3",
        "nopt": "^4.0.3"
      },
      "dependencies": {
        "mkdirp": {
          "version": "1.0.4",
          "resolved": "https://registry.npmjs.org/mkdirp/-/mkdirp-1.0.4.tgz",
          "integrity": "sha512-vVqVZQyf3WLx2Shd0qJ9xuvqgAyKPLAiqITEtqW0oIUjzo3PePDd6fW9iFz30ef7Ysp/oiWqbhszeGWW2T6Gzw=="
        }
      }
    },
    "js-tokens": {
      "version": "4.0.0",
      "resolved": "https://registry.npmjs.org/js-tokens/-/js-tokens-4.0.0.tgz",
      "integrity": "sha512-RdJUflcE3cUzKiMqQgsCu06FPu9UdIJO0beYbPhHN4k6apgJtifcoCtT9bcxOpYBtpD2kCM6Sbzg4CausW/PKQ=="
    },
    "loose-envify": {
      "version": "1.4.0",
      "resolved": "https://registry.npmjs.org/loose-envify/-/loose-envify-1.4.0.tgz",
      "integrity": "sha512-lyuxPGr/Wfhrlem2CL/UcnUc1zcqKAImBDzukY7Y5F/yQiNdko6+fRLevlw1HgMySw7f611UIY408EtxRSoK3Q==",
      "requires": {
        "js-tokens": "^3.0.0 || ^4.0.0"
      }
    },
    "mini-create-react-context": {
      "version": "0.4.0",
      "resolved": "https://registry.npmjs.org/mini-create-react-context/-/mini-create-react-context-0.4.0.tgz",
      "integrity": "sha512-b0TytUgFSbgFJGzJqXPKCFCBWigAjpjo+Fl7Vf7ZbKRDptszpppKxXH6DRXEABZ/gcEQczeb0iZ7JvL8e8jjCA==",
      "requires": {
        "@babel/runtime": "^7.5.5",
        "tiny-warning": "^1.0.3"
      }
    },
    "minimatch": {
      "version": "3.0.4",
      "resolved": "https://registry.npmjs.org/minimatch/-/minimatch-3.0.4.tgz",
      "integrity": "sha512-yJHVQEhyqPLUTgt9B83PXu6W3rx4MvvHvSUvToogpwoGDOUQ+yDrR0HRot+yOCdCO7u4hX3pWft6kWBBcqh0UA==",
      "requires": {
        "brace-expansion": "^1.1.7"
      }
    },
    "nanoid": {
      "version": "3.3.4",
      "resolved": "https://registry.npmjs.org/nanoid/-/nanoid-3.3.4.tgz",
      "integrity": "sha512-MqBkQh/OHTS2egovRtLk45wEyNXwF+cokD+1YPf9u5VfJiRdAiRwB2froX5Co9Rh20xs4siNPm8naNotSD6RBw=="
    },
    "next": {
      "version": "13.0.2",
      "resolved": "https://registry.npmjs.org/next/-/next-13.0.2.tgz",
      "integrity": "sha512-uQ5z5e4D9mOe8+upy6bQdYYjo/kk1v3jMW87kTy2TgAyAsEO+CkwRnMgyZ4JoHEnhPZLHwh7dk0XymRNLe1gFw==",
      "requires": {
        "@next/env": "13.0.2",
        "@next/swc-android-arm-eabi": "13.0.2",
        "@next/swc-android-arm64": "13.0.2",
        "@next/swc-darwin-arm64": "13.0.2",
        "@next/swc-darwin-x64": "13.0.2",
        "@next/swc-freebsd-x64": "13.0.2",
        "@next/swc-linux-arm-gnueabihf": "13.0.2",
        "@next/swc-linux-arm64-gnu": "13.0.2",
        "@next/swc-linux-arm64-musl": "13.0.2",
        "@next/swc-linux-x64-gnu": "13.0.2",
        "@next/swc-linux-x64-musl": "13.0.2",
        "@next/swc-win32-arm64-msvc": "13.0.2",
        "@next/swc-win32-ia32-msvc": "13.0.2",
        "@next/swc-win32-x64-msvc": "13.0.2",
        "@swc/helpers": "0.4.11",
        "caniuse-lite": "^1.0.30001406",
        "postcss": "8.4.14",
        "styled-jsx": "5.1.0",
        "use-sync-external-store": "1.2.0"
      }
    },
    "nopt": {
      "version": "4.0.3",
      "resolved": "https://registry.npmjs.org/nopt/-/nopt-4.0.3.tgz",
      "integrity": "sha512-CvaGwVMztSMJLOeXPrez7fyfObdZqNUK1cPAEzLHrTybIua9pMdmmPR5YwtfNftIOMv3DPUhFaxsZMNTQO20Kg==",
      "requires": {
        "abbrev": "1",
        "osenv": "^0.1.4"
      }
    },
    "object-assign": {
      "version": "4.1.1",
      "resolved": "https://registry.npmjs.org/object-assign/-/object-assign-4.1.1.tgz",
      "integrity": "sha1-IQmtx5ZYh8/AXLvUQsrIv7s2CGM="
    },
    "once": {
      "version": "1.4.0",
      "resolved": "https://registry.npmjs.org/once/-/once-1.4.0.tgz",
      "integrity": "sha1-WDsap3WWHUsROsF9nFC6753Xa9E=",
      "requires": {
        "wrappy": "1"
      }
    },
    "os-homedir": {
      "version": "1.0.2",
      "resolved": "https://registry.npmjs.org/os-homedir/-/os-homedir-1.0.2.tgz",
      "integrity": "sha1-/7xJiDNuDoM94MFox+8VISGqf7M="
    },
    "os-tmpdir": {
      "version": "1.0.2",
      "resolved": "https://registry.npmjs.org/os-tmpdir/-/os-tmpdir-1.0.2.tgz",
      "integrity": "sha1-u+Z0BseaqFxc/sdm/lc0VV36EnQ="
    },
    "osenv": {
      "version": "0.1.5",
      "resolved": "https://registry.npmjs.org/osenv/-/osenv-0.1.5.tgz",
      "integrity": "sha512-0CWcCECdMVc2Rw3U5w9ZjqX6ga6ubk1xDVKxtBQPK7wis/0F2r9T6k4ydGYhecl7YUBxBVxhL5oisPsNxAPe2g==",
      "requires": {
        "os-homedir": "^1.0.0",
        "os-tmpdir": "^1.0.0"
      }
    },
    "path": {
      "version": "0.12.7",
      "resolved": "https://registry.npmjs.org/path/-/path-0.12.7.tgz",
      "integrity": "sha1-1NwqUGxM4hl+tIHr/NWzbAFAsQ8=",
      "requires": {
        "process": "^0.11.1",
        "util": "^0.10.3"
      }
    },
    "path-is-absolute": {
      "version": "1.0.1",
      "resolved": "https://registry.npmjs.org/path-is-absolute/-/path-is-absolute-1.0.1.tgz",
      "integrity": "sha1-F0uSaHNVNP+8es5r9TpanhtcX18="
    },
    "path-to-regexp": {
      "version": "1.8.0",
      "resolved": "https://registry.npmjs.org/path-to-regexp/-/path-to-regexp-1.8.0.tgz",
      "integrity": "sha512-n43JRhlUKUAlibEJhPeir1ncUID16QnEjNpwzNdO3Lm4ywrBpBZ5oLD0I6br9evr1Y9JTqwRtAh7JLoOzAQdVA==",
      "requires": {
        "isarray": "0.0.1"
      },
      "dependencies": {
        "isarray": {
          "version": "0.0.1",
          "resolved": "https://registry.npmjs.org/isarray/-/isarray-0.0.1.tgz",
          "integrity": "sha1-ihis/Kmo9Bd+Cav8YDiTmwXR7t8="
        }
      }
    },
    "picocolors": {
      "version": "1.0.0",
      "resolved": "https://registry.npmjs.org/picocolors/-/picocolors-1.0.0.tgz",
      "integrity": "sha512-1fygroTLlHu66zi26VoTDv8yRgm0Fccecssto+MhsZ0D/DGW2sm8E8AjW7NU5VVTRt5GxbeZ5qBuJr+HyLYkjQ=="
    },
    "postcss": {
      "version": "8.4.14",
      "resolved": "https://registry.npmjs.org/postcss/-/postcss-8.4.14.tgz",
      "integrity": "sha512-E398TUmfAYFPBSdzgeieK2Y1+1cpdxJx8yXbK/m57nRhKSmk1GB2tO4lbLBtlkfPQTDKfe4Xqv1ASWPpayPEig==",
      "requires": {
        "nanoid": "^3.3.4",
        "picocolors": "^1.0.0",
        "source-map-js": "^1.0.2"
      }
    },
    "process": {
      "version": "0.11.10",
      "resolved": "https://registry.npmjs.org/process/-/process-0.11.10.tgz",
      "integrity": "sha1-czIwDoQBYb2j5podHZGn1LwW8YI="
    },
    "prop-types": {
      "version": "15.7.2",
      "resolved": "https://registry.npmjs.org/prop-types/-/prop-types-15.7.2.tgz",
      "integrity": "sha512-8QQikdH7//R2vurIJSutZ1smHYTcLpRWEOlHnzcWHmBYrOGUysKwSsrC89BCiFj3CbrfJ/nXFdJepOVrY1GCHQ==",
      "requires": {
        "loose-envify": "^1.4.0",
        "object-assign": "^4.1.1",
        "react-is": "^16.8.1"
      }
    },
    "proto-list": {
      "version": "1.2.4",
      "resolved": "https://registry.npmjs.org/proto-list/-/proto-list-1.2.4.tgz",
      "integrity": "sha1-IS1b/hMYMGpCD2QCuOJv85ZHqEk="
    },
    "pseudomap": {
      "version": "1.0.2",
      "resolved": "https://registry.npmjs.org/pseudomap/-/pseudomap-1.0.2.tgz",
      "integrity": "sha1-8FKijacOYYkX7wqKw0wa5aaChrM="
    },
    "react": {
      "version": "16.13.1",
      "resolved": "https://registry.npmjs.org/react/-/react-16.13.1.tgz",
      "integrity": "sha512-YMZQQq32xHLX0bz5Mnibv1/LHb3Sqzngu7xstSM+vrkE5Kzr9xE0yMByK5kMoTK30YVJE61WfbxIFFvfeDKT1w==",
      "requires": {
        "loose-envify": "^1.1.0",
        "object-assign": "^4.1.1",
        "prop-types": "^15.6.2"
      }
    },
    "react-dom": {
      "version": "16.13.1",
      "resolved": "https://registry.npmjs.org/react-dom/-/react-dom-16.13.1.tgz",
      "integrity": "sha512-81PIMmVLnCNLO/fFOQxdQkvEq/+Hfpv24XNJfpyZhTRfO0QcmQIF/PgCa1zCOj2w1hrn12MFLyaJ/G0+Mxtfag==",
      "requires": {
        "loose-envify": "^1.1.0",
        "object-assign": "^4.1.1",
        "prop-types": "^15.6.2",
        "scheduler": "^0.19.1"
      }
    },
    "react-is": {
      "version": "16.13.1",
      "resolved": "https://registry.npmjs.org/react-is/-/react-is-16.13.1.tgz",
      "integrity": "sha512-24e6ynE2H+OKt4kqsOvNd8kBpV65zoxbA4BVsEOB3ARVWQki/DHzaUoC5KuON/BiccDaCCTZBuOcfZs70kR8bQ=="
    },
    "react-router": {
      "version": "5.2.0",
      "resolved": "https://registry.npmjs.org/react-router/-/react-router-5.2.0.tgz",
      "integrity": "sha512-smz1DUuFHRKdcJC0jobGo8cVbhO3x50tCL4icacOlcwDOEQPq4TMqwx3sY1TP+DvtTgz4nm3thuo7A+BK2U0Dw==",
      "requires": {
        "@babel/runtime": "^7.1.2",
        "history": "^4.9.0",
        "hoist-non-react-statics": "^3.1.0",
        "loose-envify": "^1.3.1",
        "mini-create-react-context": "^0.4.0",
        "path-to-regexp": "^1.7.0",
        "prop-types": "^15.6.2",
        "react-is": "^16.6.0",
        "tiny-invariant": "^1.0.2",
        "tiny-warning": "^1.0.0"
      }
    },
    "react-router-dom": {
      "version": "5.2.0",
      "resolved": "https://registry.npmjs.org/react-router-dom/-/react-router-dom-5.2.0.tgz",
      "integrity": "sha512-gxAmfylo2QUjcwxI63RhQ5G85Qqt4voZpUXSEqCwykV0baaOTQDR1f0PmY8AELqIyVc0NEZUj0Gov5lNGcXgsA==",
      "requires": {
        "@babel/runtime": "^7.1.2",
        "history": "^4.9.0",
        "loose-envify": "^1.3.1",
        "prop-types": "^15.6.2",
        "react-router": "5.2.0",
        "tiny-invariant": "^1.0.2",
        "tiny-warning": "^1.0.0"
      }
    },
    "regenerator-runtime": {
      "version": "0.13.7",
      "resolved": "https://registry.npmjs.org/regenerator-runtime/-/regenerator-runtime-0.13.7.tgz",
      "integrity": "sha512-a54FxoJDIr27pgf7IgeQGxmqUNYrcV338lf/6gH456HZ/PhX+5BcwHXG9ajESmwe6WRO0tAzRUrRmNONWgkrew=="
    },
    "resolve-pathname": {
      "version": "3.0.0",
      "resolved": "https://registry.npmjs.org/resolve-pathname/-/resolve-pathname-3.0.0.tgz",
      "integrity": "sha512-C7rARubxI8bXFNB/hqcp/4iUeIXJhJZvFPFPiSPRnhU5UPxzMFIl+2E6yY6c4k9giDJAhtV+enfA+G89N6Csng=="
    },
    "scheduler": {
      "version": "0.19.1",
      "resolved": "https://registry.npmjs.org/scheduler/-/scheduler-0.19.1.tgz",
      "integrity": "sha512-n/zwRWRYSUj0/3g/otKDRPMh6qv2SYMWNq85IEa8iZyAv8od9zDYpGSnpBEjNgcMNq6Scbu5KfIPxNF72R/2EA==",
      "requires": {
        "loose-envify": "^1.1.0",
        "object-assign": "^4.1.1"
      }
    },
    "semver": {
      "version": "5.7.1",
      "resolved": "https://registry.npmjs.org/semver/-/semver-5.7.1.tgz",
      "integrity": "sha512-sauaDf/PZdVgrLTNYHRtpXa1iRiKcaebiKQ1BJdpQlWH2lCvexQdX55snPFyK7QzpudqbCI0qXFfOasHdyNDGQ=="
    },
    "sigmund": {
      "version": "1.0.1",
      "resolved": "https://registry.npmjs.org/sigmund/-/sigmund-1.0.1.tgz",
      "integrity": "sha1-P/IfGYytIXX587eBhT/ZTQ0ZtZA="
    },
    "source-map-js": {
      "version": "1.0.2",
      "resolved": "https://registry.npmjs.org/source-map-js/-/source-map-js-1.0.2.tgz",
      "integrity": "sha512-R0XvVJ9WusLiqTCEiGCmICCMplcCkIwwR11mOSD9CR5u+IXYdiseeEuXCVAjS54zqwkLcPNnmU4OeJ6tUrWhDw=="
    },
    "styled-jsx": {
      "version": "5.1.0",
      "resolved": "https://registry.npmjs.org/styled-jsx/-/styled-jsx-5.1.0.tgz",
      "integrity": "sha512-/iHaRJt9U7T+5tp6TRelLnqBqiaIT0HsO0+vgyj8hK2KUk7aejFqRrumqPUlAqDwAj8IbS/1hk3IhBAAK/FCUQ==",
      "requires": {
        "client-only": "0.0.1"
      }
    },
    "tiny-invariant": {
      "version": "1.1.0",
      "resolved": "https://registry.npmjs.org/tiny-invariant/-/tiny-invariant-1.1.0.tgz",
      "integrity": "sha512-ytxQvrb1cPc9WBEI/HSeYYoGD0kWnGEOR8RY6KomWLBVhqz0RgTwVO9dLrGz7dC+nN9llyI7OKAgRq8Vq4ZBSw=="
    },
    "tiny-warning": {
      "version": "1.0.3",
      "resolved": "https://registry.npmjs.org/tiny-warning/-/tiny-warning-1.0.3.tgz",
      "integrity": "sha512-lBN9zLN/oAf68o3zNXYrdCt1kP8WsiGW8Oo2ka41b2IM5JL/S1CTyX1rW0mb/zSuJun0ZUrDxx4sqvYS2FWzPA=="
    },
    "tslib": {
      "version": "2.4.1",
      "resolved": "https://registry.npmjs.org/tslib/-/tslib-2.4.1.tgz",
      "integrity": "sha512-tGyy4dAjRIEwI7BzsB0lynWgOpfqjUdq91XXAlIWD2OwKBH7oCl/GZG/HT4BOHrTlPMOASlMQ7veyTqpmRcrNA=="
    },
    "use-sync-external-store": {
      "version": "1.2.0",
      "resolved": "https://registry.npmjs.org/use-sync-external-store/-/use-sync-external-store-1.2.0.tgz",
      "integrity": "sha512-eEgnFxGQ1Ife9bzYs6VLi8/4X6CObHMw9Qr9tPY43iKwsPw8xE8+EFsf/2cFZ5S3esXgpWgtSCtLNS41F+sKPA=="
    },
    "util": {
      "version": "0.10.3",
      "resolved": "https://registry.npmjs.org/util/-/util-0.10.3.tgz",
      "integrity": "sha1-evsa/lCAUkZInj23/g7TeTNqwPk=",
      "requires": {
        "inherits": "2.0.1"
      },
      "dependencies": {
        "inherits": {
          "version": "2.0.1",
          "resolved": "https://registry.npmjs.org/inherits/-/inherits-2.0.1.tgz",
          "integrity": "sha1-sX0I0ya0Qj5Wjv9xn5GwscvfafE="
        }
      }
    },
    "value-equal": {
      "version": "1.0.1",
      "resolved": "https://registry.npmjs.org/value-equal/-/value-equal-1.0.1.tgz",
      "integrity": "sha512-NOJ6JZCAWr0zlxZt+xqCHNTEKOsrks2HQd4MqhP1qy4z1SkbEP467eNx6TgDKXMvUOb+OENfJCZwM+16n7fRfw=="
    },
    "wrappy": {
      "version": "1.0.2",
      "resolved": "https://registry.npmjs.org/wrappy/-/wrappy-1.0.2.tgz",
      "integrity": "sha1-tSQ9jz7BqjXxNkYFvA0QNuMKtp8="
    }
  }
}
